
Microsoft Visual Studio Solution File, Format Version 12.00
# Visual Studio 14
VisualStudioVersion = 14.0.25420.1
MinimumVisualStudioVersion = 10.0.40219.1
Project("{FAE04EC0-301F-11D3-BF4B-00C04F79EFBC}") = "AtgwInnerCli", "AtgwInnerCli\AtgwInnerCli.csproj", "{FBC5A92C-167B-4E57-9F3A-2CBAABDC3451}"
EndProject
Project("{FAE04EC0-301F-11D3-BF4B-00C04F79EFBC}") = "AtgwInnerCliHelloTest", "AtgwInnerCliHelloTest\AtgwInnerCliHelloTest.csproj", "{669CA392-0C3D-4B08-B891-C030ECCEC7E2}"
	ProjectSection(ProjectDependencies) = postProject
		{FBC5A92C-167B-4E57-9F3A-2CBAABDC3451} = {FBC5A92C-167B-4E57-9F3A-2CBAABDC3451}
	EndProjectSection
EndProject
Global
	GlobalSection(SolutionConfigurationPlatforms) = preSolution
		Debug|Any CPU = Debug|Any CPU
		Debug|x64 = Debug|x64
		MinSizeRel|Any CPU = MinSizeRel|Any CPU
		MinSizeRel|x64 = MinSizeRel|x64
		Release|Any CPU = Release|Any CPU
		Release|x64 = Release|x64
		RelWithDebInfo|Any CPU = RelWithDebInfo|Any CPU
		RelWithDebInfo|x64 = RelWithDebInfo|x64
	EndGlobalSection
	GlobalSection(ProjectConfigurationPlatforms) = postSolution
		{FBC5A92C-167B-4E57-9F3A-2CBAABDC3451}.Debug|Any CPU.ActiveCfg = Debug|Any CPU
		{FBC5A92C-167B-4E57-9F3A-2CBAABDC3451}.Debug|Any CPU.Build.0 = Debug|Any CPU
		{FBC5A92C-167B-4E57-9F3A-2CBAABDC3451}.Debug|x64.ActiveCfg = Debug|x64
		{FBC5A92C-167B-4E57-9F3A-2CBAABDC3451}.Debug|x64.Build.0 = Debug|x64
		{FBC5A92C-167B-4E57-9F3A-2CBAABDC3451}.MinSizeRel|Any CPU.ActiveCfg = Release|Any CPU
		{FBC5A92C-167B-4E57-9F3A-2CBAABDC3451}.MinSizeRel|Any CPU.Build.0 = Release|Any CPU
		{FBC5A92C-167B-4E57-9F3A-2CBAABDC3451}.MinSizeRel|x64.ActiveCfg = Release|x64
		{FBC5A92C-167B-4E57-9F3A-2CBAABDC3451}.MinSizeRel|x64.Build.0 = Release|x64
		{FBC5A92C-167B-4E57-9F3A-2CBAABDC3451}.Release|Any CPU.ActiveCfg = Release|Any CPU
		{FBC5A92C-167B-4E57-9F3A-2CBAABDC3451}.Release|Any CPU.Build.0 = Release|Any CPU
		{FBC5A92C-167B-4E57-9F3A-2CBAABDC3451}.Release|x64.ActiveCfg = Release|x64
		{FBC5A92C-167B-4E57-9F3A-2CBAABDC3451}.Release|x64.Build.0 = Release|x64
		{FBC5A92C-167B-4E57-9F3A-2CBAABDC3451}.RelWithDebInfo|Any CPU.ActiveCfg = Release|Any CPU
		{FBC5A92C-167B-4E57-9F3A-2CBAABDC3451}.RelWithDebInfo|Any CPU.Build.0 = Release|Any CPU
		{FBC5A92C-167B-4E57-9F3A-2CBAABDC3451}.RelWithDebInfo|x64.ActiveCfg = Release|x64
		{FBC5A92C-167B-4E57-9F3A-2CBAABDC3451}.RelWithDebInfo|x64.Build.0 = Release|x64
		{669CA392-0C3D-4B08-B891-C030ECCEC7E2}.Debug|Any CPU.ActiveCfg = Debug|Any CPU
		{669CA392-0C3D-4B08-B891-C030ECCEC7E2}.Debug|Any CPU.Build.0 = Debug|Any CPU
		{669CA392-0C3D-4B08-B891-C030ECCEC7E2}.Debug|x64.ActiveCfg = Debug|x64
		{669CA392-0C3D-4B08-B891-C030ECCEC7E2}.Debug|x64.Build.0 = Debug|x64
		{669CA392-0C3D-4B08-B891-C030ECCEC7E2}.MinSizeRel|Any CPU.ActiveCfg = Release|Any CPU
		{669CA392-0C3D-4B08-B891-C030ECCEC7E2}.MinSizeRel|Any CPU.Build.0 = Release|Any CPU
		{669CA392-0C3D-4B08-B891-C030ECCEC7E2}.MinSizeRel|x64.ActiveCfg = Release|x64
		{669CA392-0C3D-4B08-B891-C030ECCEC7E2}.MinSizeRel|x64.Build.0 = Release|x64
		{669CA392-0C3D-4B08-B891-C030ECCEC7E2}.Release|Any CPU.ActiveCfg = Release|Any CPU
		{669CA392-0C3D-4B08-B891-C030ECCEC7E2}.Release|Any CPU.Build.0 = Release|Any CPU
		{669CA392-0C3D-4B08-B891-C030ECCEC7E2}.Release|x64.ActiveCfg = Release|x64
		{669CA392-0C3D-4B08-B891-C030ECCEC7E2}.Release|x64.Build.0 = Release|x64
		{669CA392-0C3D-4B08-B891-C030ECCEC7E2}.RelWithDebInfo|Any CPU.ActiveCfg = Release|Any CPU
		{669CA392-0C3D-4B08-B891-C030ECCEC7E2}.RelWithDebInfo|Any CPU.Build.0 = Release|Any CPU
		{669CA392-0C3D-4B08-B891-C030ECCEC7E2}.RelWithDebInfo|x64.ActiveCfg = Release|x64
		{669CA392-0C3D-4B08-B891-C030ECCEC7E2}.RelWithDebInfo|x64.Build.0 = Release|x64
	EndGlobalSection
	GlobalSection(SolutionProperties) = preSolution
		HideSolutionNode = FALSE
	EndGlobalSection
EndGlobal
